dependencies:
- name: base
  repository: https://istio-release.storage.googleapis.com/charts
  version: 1.26.2
- name: istiod
  repository: https://istio-release.storage.googleapis.com/charts
  version: 1.26.2
- name: gateway
  repository: https://istio-release.storage.googleapis.com/charts
  version: 1.26.2
digest: sha256:3454b9dc6df1a701836dc4fb7d17b7a606c012698415a7020e881c4fc07ae3bc
generated: "2025-08-06T16:05:39.290431+08:00"
